
Microsoft Visual Studio Solution File, Format Version 12.00
# Visual Studio 2013
VisualStudioVersion = 12.0.31101.0
MinimumVisualStudioVersion = 10.0.40219.1
Project("{FAE04EC0-301F-11D3-BF4B-00C04F79EFBC}") = "Runner.Consumer", "Runners\Runner.Consumer\Runner.Consumer.csproj", "{5EBF8A63-AC76-4390-ABDF-BAAB92F0FF94}"
EndProject
Project("{FAE04EC0-301F-11D3-BF4B-00C04F79EFBC}") = "RabbitRx", "RabbitRx\RabbitRx.csproj", "{F15C74EF-394A-47A1-AA9C-55FE5BA5FD9E}"
EndProject
Project("{FAE04EC0-301F-11D3-BF4B-00C04F79EFBC}") = "Runner.Producer", "Runners\Runner.Producer\Runner.Producer.csproj", "{980D9548-2768-4814-90A9-B9EA08ADC48F}"
EndProject
Global
	GlobalSection(SolutionConfigurationPlatforms) = preSolution
		Debug|Any CPU = Debug|Any CPU
		Release|Any CPU = Release|Any CPU
	EndGlobalSection
	GlobalSection(ProjectConfigurationPlatforms) = postSolution
		{5EBF8A63-AC76-4390-ABDF-BAAB92F0FF94}.Debug|Any CPU.ActiveCfg = Debug|Any CPU
		{5EBF8A63-AC76-4390-ABDF-BAAB92F0FF94}.Debug|Any CPU.Build.0 = Debug|Any CPU
		{5EBF8A63-AC76-4390-ABDF-BAAB92F0FF94}.Release|Any CPU.ActiveCfg = Release|Any CPU
		{5EBF8A63-AC76-4390-ABDF-BAAB92F0FF94}.Release|Any CPU.Build.0 = Release|Any CPU
		{F15C74EF-394A-47A1-AA9C-55FE5BA5FD9E}.Debug|Any CPU.ActiveCfg = Debug|Any CPU
		{F15C74EF-394A-47A1-AA9C-55FE5BA5FD9E}.Debug|Any CPU.Build.0 = Debug|Any CPU
		{F15C74EF-394A-47A1-AA9C-55FE5BA5FD9E}.Release|Any CPU.ActiveCfg = Release|Any CPU
		{F15C74EF-394A-47A1-AA9C-55FE5BA5FD9E}.Release|Any CPU.Build.0 = Release|Any CPU
		{980D9548-2768-4814-90A9-B9EA08ADC48F}.Debug|Any CPU.ActiveCfg = Debug|Any CPU
		{980D9548-2768-4814-90A9-B9EA08ADC48F}.Debug|Any CPU.Build.0 = Debug|Any CPU
		{980D9548-2768-4814-90A9-B9EA08ADC48F}.Release|Any CPU.ActiveCfg = Release|Any CPU
		{980D9548-2768-4814-90A9-B9EA08ADC48F}.Release|Any CPU.Build.0 = Release|Any CPU
	EndGlobalSection
	GlobalSection(SolutionProperties) = preSolution
		HideSolutionNode = FALSE
	EndGlobalSection
EndGlobal
