
Microsoft Visual Studio Solution File, Format Version 12.00
# Visual Studio Version 16
VisualStudioVersion = 16.0.29926.136
MinimumVisualStudioVersion = 10.0.40219.1
Project("{FAE04EC0-301F-11D3-BF4B-00C04F79EFBC}") = "Runner.Consumer", "Test\Runners\Runner.Consumer\Runner.Consumer.csproj", "{5EBF8A63-AC76-4390-ABDF-BAAB92F0FF94}"
EndProject
Project("{FAE04EC0-301F-11D3-BF4B-00C04F79EFBC}") = "Runner.Producer", "Test\Runners\Runner.Producer\Runner.Producer.csproj", "{980D9548-2768-4814-90A9-B9EA08ADC48F}"
EndProject
Project("{2150E333-8FDC-42A3-9474-1A3956D46DE8}") = "Runners", "Runners", "{43DE2A5C-A0F7-477F-9C5C-A4C38AAED191}"
EndProject
Project("{2150E333-8FDC-42A3-9474-1A3956D46DE8}") = "Test", "Test", "{60A89788-0974-4733-BF8B-B68F1A87757D}"
EndProject
Project("{FAE04EC0-301F-11D3-BF4B-00C04F79EFBC}") = "Runner.Common", "Test\Runners\Runner.Common\Runner.Common.csproj", "{5F093596-3D3E-4EA8-A236-915A67A53286}"
EndProject
Project("{FAE04EC0-301F-11D3-BF4B-00C04F79EFBC}") = "RabbitRx", "RabbitRx\RabbitRx.csproj", "{F15C74EF-394A-47A1-AA9C-55FE5BA5FD9E}"
EndProject
Project("{2150E333-8FDC-42A3-9474-1A3956D46DE8}") = "MassTransit", "MassTransit", "{FDD38A1D-5304-4666-A905-12524B2DE0E4}"
EndProject
Project("{FAE04EC0-301F-11D3-BF4B-00C04F79EFBC}") = "PoC.MyMassTransit.Producer", "PoC.MyMassTransit.Producer\PoC.MyMassTransit.Producer.csproj", "{73A5BB9F-0229-493B-8B28-F651DC582378}"
EndProject
Project("{FAE04EC0-301F-11D3-BF4B-00C04F79EFBC}") = "PoC.MyMassTransit.Consumer", "PoC.MyMassTransit.Consumer\PoC.MyMassTransit.Consumer.csproj", "{2CE44AD5-27A2-4961-AEFD-128A0CDB142A}"
EndProject
Project("{9A19103F-16F7-4668-BE54-9A1E7A4F7556}") = "PoC.MyMassTransit.Common", "PoC.MyMassTransit.Common\PoC.MyMassTransit.Common.csproj", "{E162EF08-5C91-4AA0-8AD9-D6036C608F96}"
EndProject
Project("{2150E333-8FDC-42A3-9474-1A3956D46DE8}") = "Priority Queue", "Priority Queue", "{597A5A2B-CAD7-4C03-9558-9A24F7E58297}"
EndProject
Project("{FAE04EC0-301F-11D3-BF4B-00C04F79EFBC}") = "PoC.PriorityQueue", "PoC.PriorityQueue\PoC.PriorityQueue.csproj", "{4D8CF981-0CDF-4B8E-B104-47597BF74FAE}"
EndProject
Project("{FAE04EC0-301F-11D3-BF4B-00C04F79EFBC}") = "PoC.PriorityQueue.Producer", "PoC.PriorityQueue.Producer\PoC.PriorityQueue.Producer.csproj", "{A1196787-8312-41FB-AD47-CE63319C3403}"
EndProject
Project("{FAE04EC0-301F-11D3-BF4B-00C04F79EFBC}") = "PoC.PriorityQueue.Consumer", "PoC.PriorityQueue.Consumer\PoC.PriorityQueue.Consumer.csproj", "{06735485-792F-43DC-89DB-8A6764D98BF8}"
EndProject
Global
	GlobalSection(SolutionConfigurationPlatforms) = preSolution
		Debug|Any CPU = Debug|Any CPU
		Release|Any CPU = Release|Any CPU
	EndGlobalSection
	GlobalSection(ProjectConfigurationPlatforms) = postSolution
		{5EBF8A63-AC76-4390-ABDF-BAAB92F0FF94}.Debug|Any CPU.ActiveCfg = Debug|Any CPU
		{5EBF8A63-AC76-4390-ABDF-BAAB92F0FF94}.Debug|Any CPU.Build.0 = Debug|Any CPU
		{5EBF8A63-AC76-4390-ABDF-BAAB92F0FF94}.Release|Any CPU.ActiveCfg = Release|Any CPU
		{5EBF8A63-AC76-4390-ABDF-BAAB92F0FF94}.Release|Any CPU.Build.0 = Release|Any CPU
		{980D9548-2768-4814-90A9-B9EA08ADC48F}.Debug|Any CPU.ActiveCfg = Debug|Any CPU
		{980D9548-2768-4814-90A9-B9EA08ADC48F}.Debug|Any CPU.Build.0 = Debug|Any CPU
		{980D9548-2768-4814-90A9-B9EA08ADC48F}.Release|Any CPU.ActiveCfg = Release|Any CPU
		{980D9548-2768-4814-90A9-B9EA08ADC48F}.Release|Any CPU.Build.0 = Release|Any CPU
		{5F093596-3D3E-4EA8-A236-915A67A53286}.Debug|Any CPU.ActiveCfg = Debug|Any CPU
		{5F093596-3D3E-4EA8-A236-915A67A53286}.Debug|Any CPU.Build.0 = Debug|Any CPU
		{5F093596-3D3E-4EA8-A236-915A67A53286}.Release|Any CPU.ActiveCfg = Release|Any CPU
		{5F093596-3D3E-4EA8-A236-915A67A53286}.Release|Any CPU.Build.0 = Release|Any CPU
		{F15C74EF-394A-47A1-AA9C-55FE5BA5FD9E}.Debug|Any CPU.ActiveCfg = Debug|Any CPU
		{F15C74EF-394A-47A1-AA9C-55FE5BA5FD9E}.Debug|Any CPU.Build.0 = Debug|Any CPU
		{F15C74EF-394A-47A1-AA9C-55FE5BA5FD9E}.Release|Any CPU.ActiveCfg = Release|Any CPU
		{F15C74EF-394A-47A1-AA9C-55FE5BA5FD9E}.Release|Any CPU.Build.0 = Release|Any CPU
		{73A5BB9F-0229-493B-8B28-F651DC582378}.Debug|Any CPU.ActiveCfg = Debug|Any CPU
		{73A5BB9F-0229-493B-8B28-F651DC582378}.Debug|Any CPU.Build.0 = Debug|Any CPU
		{73A5BB9F-0229-493B-8B28-F651DC582378}.Release|Any CPU.ActiveCfg = Release|Any CPU
		{73A5BB9F-0229-493B-8B28-F651DC582378}.Release|Any CPU.Build.0 = Release|Any CPU
		{2CE44AD5-27A2-4961-AEFD-128A0CDB142A}.Debug|Any CPU.ActiveCfg = Debug|Any CPU
		{2CE44AD5-27A2-4961-AEFD-128A0CDB142A}.Debug|Any CPU.Build.0 = Debug|Any CPU
		{2CE44AD5-27A2-4961-AEFD-128A0CDB142A}.Release|Any CPU.ActiveCfg = Release|Any CPU
		{2CE44AD5-27A2-4961-AEFD-128A0CDB142A}.Release|Any CPU.Build.0 = Release|Any CPU
		{E162EF08-5C91-4AA0-8AD9-D6036C608F96}.Debug|Any CPU.ActiveCfg = Debug|Any CPU
		{E162EF08-5C91-4AA0-8AD9-D6036C608F96}.Debug|Any CPU.Build.0 = Debug|Any CPU
		{E162EF08-5C91-4AA0-8AD9-D6036C608F96}.Release|Any CPU.ActiveCfg = Release|Any CPU
		{E162EF08-5C91-4AA0-8AD9-D6036C608F96}.Release|Any CPU.Build.0 = Release|Any CPU
		{4D8CF981-0CDF-4B8E-B104-47597BF74FAE}.Debug|Any CPU.ActiveCfg = Debug|Any CPU
		{4D8CF981-0CDF-4B8E-B104-47597BF74FAE}.Debug|Any CPU.Build.0 = Debug|Any CPU
		{4D8CF981-0CDF-4B8E-B104-47597BF74FAE}.Release|Any CPU.ActiveCfg = Release|Any CPU
		{4D8CF981-0CDF-4B8E-B104-47597BF74FAE}.Release|Any CPU.Build.0 = Release|Any CPU
		{A1196787-8312-41FB-AD47-CE63319C3403}.Debug|Any CPU.ActiveCfg = Debug|Any CPU
		{A1196787-8312-41FB-AD47-CE63319C3403}.Debug|Any CPU.Build.0 = Debug|Any CPU
		{A1196787-8312-41FB-AD47-CE63319C3403}.Release|Any CPU.ActiveCfg = Release|Any CPU
		{A1196787-8312-41FB-AD47-CE63319C3403}.Release|Any CPU.Build.0 = Release|Any CPU
		{06735485-792F-43DC-89DB-8A6764D98BF8}.Debug|Any CPU.ActiveCfg = Debug|Any CPU
		{06735485-792F-43DC-89DB-8A6764D98BF8}.Debug|Any CPU.Build.0 = Debug|Any CPU
		{06735485-792F-43DC-89DB-8A6764D98BF8}.Release|Any CPU.ActiveCfg = Release|Any CPU
		{06735485-792F-43DC-89DB-8A6764D98BF8}.Release|Any CPU.Build.0 = Release|Any CPU
	EndGlobalSection
	GlobalSection(SolutionProperties) = preSolution
		HideSolutionNode = FALSE
	EndGlobalSection
	GlobalSection(NestedProjects) = preSolution
		{5EBF8A63-AC76-4390-ABDF-BAAB92F0FF94} = {43DE2A5C-A0F7-477F-9C5C-A4C38AAED191}
		{980D9548-2768-4814-90A9-B9EA08ADC48F} = {43DE2A5C-A0F7-477F-9C5C-A4C38AAED191}
		{43DE2A5C-A0F7-477F-9C5C-A4C38AAED191} = {60A89788-0974-4733-BF8B-B68F1A87757D}
		{5F093596-3D3E-4EA8-A236-915A67A53286} = {43DE2A5C-A0F7-477F-9C5C-A4C38AAED191}
		{73A5BB9F-0229-493B-8B28-F651DC582378} = {FDD38A1D-5304-4666-A905-12524B2DE0E4}
		{2CE44AD5-27A2-4961-AEFD-128A0CDB142A} = {FDD38A1D-5304-4666-A905-12524B2DE0E4}
		{E162EF08-5C91-4AA0-8AD9-D6036C608F96} = {FDD38A1D-5304-4666-A905-12524B2DE0E4}
		{4D8CF981-0CDF-4B8E-B104-47597BF74FAE} = {597A5A2B-CAD7-4C03-9558-9A24F7E58297}
		{A1196787-8312-41FB-AD47-CE63319C3403} = {597A5A2B-CAD7-4C03-9558-9A24F7E58297}
		{06735485-792F-43DC-89DB-8A6764D98BF8} = {597A5A2B-CAD7-4C03-9558-9A24F7E58297}
	EndGlobalSection
	GlobalSection(ExtensibilityGlobals) = postSolution
		SolutionGuid = {01FEFBA1-1204-403D-8A22-FFAB0CFC4E95}
	EndGlobalSection
EndGlobal
